Microsoft Visual Studio Solution File, Format Version 11.00
# Visual Studio 2008

Project("{946922B2-58D4-86FA-9625-4D7886E27B32}") = "integrator", "Assembly-CSharp.csproj", "{9E6FB221-E034-D94F-8212-A3BA8135D835}"
EndProject
Global
	GlobalSection(SolutionConfigurationPlatforms) = preSolution
		Debug|Any CPU = Debug|Any CPU
		Release|Any CPU = Release|Any CPU
	EndGlobalSection
	GlobalSection(ProjectConfigurationPlatforms) = postSolution
		{9E6FB221-E034-D94F-8212-A3BA8135D835}.Debug|Any CPU.ActiveCfg = Debug|Any CPU
		{9E6FB221-E034-D94F-8212-A3BA8135D835}.Debug|Any CPU.Build.0 = Debug|Any CPU
		{9E6FB221-E034-D94F-8212-A3BA8135D835}.Release|Any CPU.ActiveCfg = Release|Any CPU
		{9E6FB221-E034-D94F-8212-A3BA8135D835}.Release|Any CPU.Build.0 = Release|Any CPU
	EndGlobalSection
	GlobalSection(SolutionProperties) = preSolution
		HideSolutionNode = FALSE
	EndGlobalSection
	
EndGlobal
